// !$*UTF8*$!
{
	archiveVersion = 1;
	classes = {
	};
	objectVersion = 77;
	objects = {

/* Begin PBXContainerItemProxy section */
		4FE5392D2D7F345A00F30C85 /* PBXContainerItemProxy */ = {
			isa = PBXContainerItemProxy;
			containerPortal = 4FE5390E2D7F345800F30C85 /* Project object */;
			proxyType = 1;
			remoteGlobalIDString = 4FE539152D7F345800F30C85;
			remoteInfo = "PP-YouAreLoved";
		};
		4FE539372D7F345A00F30C85 /* PBXContainerItemProxy */ = {
			isa = PBXContainerItemProxy;
			containerPortal = 4FE5390E2D7F345800F30C85 /* Project object */;
			proxyType = 1;
			remoteGlobalIDString = 4FE539152D7F345800F30C85;
			remoteInfo = "PP-YouAreLoved";
		};
/* End PBXContainerItemProxy section */

/* Begin PBXFileReference section */
		4FE539162D7F345800F30C85 /* PP-YouAreLoved.app */ = {isa = PBXFileReference; explicitFileType = wrapper.application; includeInIndex = 0; path = "PP-YouAreLoved.app"; sourceTree = BUILT_PRODUCTS_DIR; };
		4FE5392C2D7F345A00F30C85 /* PP-YouAreLovedTests.xctest */ = {isa = PBXFileReference; explicitFileType = wrapper.cfbundle; includeInIndex = 0; path = "PP-YouAreLovedTests.xctest"; sourceTree = BUILT_PRODUCTS_DIR; };
		4FE539362D7F345A00F30C85 /* PP-YouAreLovedUITests.xctest */ = {isa = PBXFileReference; explicitFileType = wrapper.cfbundle; includeInIndex = 0; path = "PP-YouAreLovedUITests.xctest"; sourceTree = BUILT_PRODUCTS_DIR; };
/* End PBXFileReference section */

/* Begin PBXFileSystemSynchronizedBuildFileExceptionSet section */
		4FE5393E2D7F345A00F30C85 /* Exceptions for "PP-YouAreLoved" folder in "PP-YouAreLoved" target */ = {
			isa = PBXFileSystemSynchronizedBuildFileExceptionSet;
			membershipExceptions = (
				Info.plist,
			);
			target = 4FE539152D7F345800F30C85 /* PP-YouAreLoved */;
		};
/* End PBXFileSystemSynchronizedBuildFileExceptionSet section */

/* Begin PBXFileSystemSynchronizedRootGroup section */
		4FE539182D7F345800F30C85 /* PP-YouAreLoved */ = {
			isa = PBXFileSystemSynchronizedRootGroup;
			exceptions = (
				4FE5393E2D7F345A00F30C85 /* Exceptions for "PP-YouAreLoved" folder in "PP-YouAreLoved" target */,
			);
			path = "PP-YouAreLoved";
			sourceTree = "<group>";
		};
		4FE5392F2D7F345A00F30C85 /* PP-YouAreLovedTests */ = {
			isa = PBXFileSystemSynchronizedRootGroup;
			path = "PP-YouAreLovedTests";
			sourceTree = "<group>";
		};
		4FE539392D7F345A00F30C85 /* PP-YouAreLovedUITests */ = {
			isa = PBXFileSystemSynchronizedRootGroup;
			path = "PP-YouAreLovedUITests";
			sourceTree = "<group>";
		};
/* End PBXFileSystemSynchronizedRootGroup section */

/* Begin PBXFrameworksBuildPhase section */
		4FE539132D7F345800F30C85 /* Frameworks */ = {
			isa = PBXFrameworksBuildPhase;
			buildActionMask = 2147483647;
			files = (
			);
			runOnlyForDeploymentPostprocessing = 0;
		};
		4FE539292D7F345A00F30C85 /* Frameworks */ = {
			isa = PBXFrameworksBuildPhase;
			buildActionMask = 2147483647;
			files = (
			);
			runOnlyForDeploymentPostprocessing = 0;
		};
		4FE539332D7F345A00F30C85 /* Frameworks */ = {
			isa = PBXFrameworksBuildPhase;
			buildActionMask = 2147483647;
			files = (
			);
			runOnlyForDeploymentPostprocessing = 0;
		};
/* End PBXFrameworksBuildPhase section */

/* Begin PBXGroup section */
		4FE5390D2D7F345800F30C85 = {
			isa = PBXGroup;
			children = (
				4FE539182D7F345800F30C85 /* PP-YouAreLoved */,
				4FE5392F2D7F345A00F30C85 /* PP-YouAreLovedTests */,
				4FE539392D7F345A00F30C85 /* PP-YouAreLovedUITests */,
				4FE539172D7F345800F30C85 /* Products */,
			);
			sourceTree = "<group>";
		};
		4FE539172D7F345800F30C85 /* Products */ = {
			isa = PBXGroup;
			children = (
				4FE539162D7F345800F30C85 /* PP-YouAreLoved.app */,
				4FE5392C2D7F345A00F30C85 /* PP-YouAreLovedTests.xctest */,
				4FE539362D7F345A00F30C85 /* PP-YouAreLovedUITests.xctest */,
			);
			name = Products;
			sourceTree = "<group>";
		};
/* End PBXGroup section */

/* Begin PBXNativeTarget section */
		4FE539152D7F345800F30C85 /* PP-YouAreLoved */ = {
			isa = PBXNativeTarget;
			buildConfigurationList = 4FE5393F2D7F345A00F30C85 /* Build configuration list for PBXNativeTarget "PP-YouAreLoved" */;
			buildPhases = (
				4FE539122D7F345800F30C85 /* Sources */,
				4FE539132D7F345800F30C85 /* Frameworks */,
				4FE539142D7F345800F30C85 /* Resources */,
			);
			buildRules = (
			);
			dependencies = (
			);
			fileSystemSynchronizedGroups = (
				4FE539182D7F345800F30C85 /* PP-YouAreLoved */,
			);
			name = "PP-YouAreLoved";
			packageProductDependencies = (
			);
			productName = "PP-YouAreLoved";
			productReference = 4FE539162D7F345800F30C85 /* PP-YouAreLoved.app */;
			productType = "com.apple.product-type.application";
		};
		4FE5392B2D7F345A00F30C85 /* PP-YouAreLovedTests */ = {
			isa = PBXNativeTarget;
			buildConfigurationList = 4FE539442D7F345A00F30C85 /* Build configuration list for PBXNativeTarget "PP-YouAreLovedTests" */;
			buildPhases = (
				4FE539282D7F345A00F30C85 /* Sources */,
				4FE539292D7F345A00F30C85 /* Frameworks */,
				4FE5392A2D7F345A00F30C85 /* Resources */,
			);
			buildRules = (
			);
			dependencies = (
				4FE5392E2D7F345A00F30C85 /* PBXTargetDependency */,
			);
			fileSystemSynchronizedGroups = (
				4FE5392F2D7F345A00F30C85 /* PP-YouAreLovedTests */,
			);
			name = "PP-YouAreLovedTests";
			packageProductDependencies = (
			);
			productName = "PP-YouAreLovedTests";
			productReference = 4FE5392C2D7F345A00F30C85 /* PP-YouAreLovedTests.xctest */;
			productType = "com.apple.product-type.bundle.unit-test";
		};
		4FE539352D7F345A00F30C85 /* PP-YouAreLovedUITests */ = {
			isa = PBXNativeTarget;
			buildConfigurationList = 4FE539472D7F345A00F30C85 /* Build configuration list for PBXNativeTarget "PP-YouAreLovedUITests" */;
			buildPhases = (
				4FE539322D7F345A00F30C85 /* Sources */,
				4FE539332D7F345A00F30C85 /* Frameworks */,
				4FE539342D7F345A00F30C85 /* Resources */,
			);
			buildRules = (
			);
			dependencies = (
				4FE539382D7F345A00F30C85 /* PBXTargetDependency */,
			);
			fileSystemSynchronizedGroups = (
				4FE539392D7F345A00F30C85 /* PP-YouAreLovedUITests */,
			);
			name = "PP-YouAreLovedUITests";
			packageProductDependencies = (
			);
			productName = "PP-YouAreLovedUITests";
			productReference = 4FE539362D7F345A00F30C85 /* PP-YouAreLovedUITests.xctest */;
			productType = "com.apple.product-type.bundle.ui-testing";
		};
/* End PBXNativeTarget section */

/* Begin PBXProject section */
		4FE5390E2D7F345800F30C85 /* Project object */ = {
			isa = PBXProject;
			attributes = {
				BuildIndependentTargetsInParallel = 1;
				LastSwiftUpdateCheck = 1620;
				LastUpgradeCheck = 1620;
				TargetAttributes = {
					4FE539152D7F345800F30C85 = {
						CreatedOnToolsVersion = 16.2;
					};
					4FE5392B2D7F345A00F30C85 = {
						CreatedOnToolsVersion = 16.2;
						TestTargetID = 4FE539152D7F345800F30C85;
					};
					4FE539352D7F345A00F30C85 = {
						CreatedOnToolsVersion = 16.2;
						TestTargetID = 4FE539152D7F345800F30C85;
					};
				};
			};
			buildConfigurationList = 4FE539112D7F345800F30C85 /* Build configuration list for PBXProject "PP-YouAreLoved" */;
			developmentRegion = en;
			hasScannedForEncodings = 0;
			knownRegions = (
				en,
				Base,
			);
			mainGroup = 4FE5390D2D7F345800F30C85;
			minimizedProjectReferenceProxies = 1;
			preferredProjectObjectVersion = 77;
			productRefGroup = 4FE539172D7F345800F30C85 /* Products */;
			projectDirPath = "";
			projectRoot = "";
			targets = (
				4FE539152D7F345800F30C85 /* PP-YouAreLoved */,
				4FE5392B2D7F345A00F30C85 /* PP-YouAreLovedTests */,
				4FE539352D7F345A00F30C85 /* PP-YouAreLovedUITests */,
			);
		};
/* End PBXProject section */

/* Begin PBXResourcesBuildPhase section */
		4FE539142D7F345800F30C85 /* Resources */ = {
			isa = PBXResourcesBuildPhase;
			buildActionMask = 2147483647;
			files = (
			);
			runOnlyForDeploymentPostprocessing = 0;
		};
		4FE5392A2D7F345A00F30C85 /* Resources */ = {
			isa = PBXResourcesBuildPhase;
			buildActionMask = 2147483647;
			files = (
			);
			runOnlyForDeploymentPostprocessing = 0;
		};
		4FE539342D7F345A00F30C85 /* Resources */ = {
			isa = PBXResourcesBuildPhase;
			buildActionMask = 2147483647;
			files = (
			);
			runOnlyForDeploymentPostprocessing = 0;
		};
/* End PBXResourcesBuildPhase section */

/* Begin PBXSourcesBuildPhase section */
		4FE539122D7F345800F30C85 /* Sources */ = {
			isa = PBXSourcesBuildPhase;
			buildActionMask = 2147483647;
			files = (
			);
			runOnlyForDeploymentPostprocessing = 0;
		};
		4FE539282D7F345A00F30C85 /* Sources */ = {
			isa = PBXSourcesBuildPhase;
			buildActionMask = 2147483647;
			files = (
			);
			runOnlyForDeploymentPostprocessing = 0;
		};
		4FE539322D7F345A00F30C85 /* Sources */ = {
			isa = PBXSourcesBuildPhase;
			buildActionMask = 2147483647;
			files = (
			);
			runOnlyForDeploymentPostprocessing = 0;
		};
/* End PBXSourcesBuildPhase section */

/* Begin PBXTargetDependency section */
		4FE5392E2D7F345A00F30C85 /* PBXTargetDependency */ = {
			isa = PBXTargetDependency;
			target = 4FE539152D7F345800F30C85 /* PP-YouAreLoved */;
			targetProxy = 4FE5392D2D7F345A00F30C85 /* PBXContainerItemProxy */;
		};
		4FE539382D7F345A00F30C85 /* PBXTargetDependency */ = {
			isa = PBXTargetDependency;
			target = 4FE539152D7F345800F30C85 /* PP-YouAreLoved */;
			targetProxy = 4FE539372D7F345A00F30C85 /* PBXContainerItemProxy */;
		};
/* End PBXTargetDependency section */

/* Begin XCBuildConfiguration section */
		4FE539402D7F345A00F30C85 /* Debug */ = {
			isa = XCBuildConfiguration;
			buildSettings = {
				ASSETCATALOG_COMPILER_APPICON_NAME = AppIcon;
				ASSETCATALOG_COMPILER_GLOBAL_ACCENT_COLOR_NAME = AccentColor;
				CODE_SIGN_STYLE = Automatic;
				CURRENT_PROJECT_VERSION = 1;
				DEVELOPMENT_TEAM = CBFP9M2454;
				GENERATE_INFOPLIST_FILE = YES;
				INFOPLIST_FILE = "PP-YouAreLoved/Info.plist";
				INFOPLIST_KEY_UIApplicationSupportsIndirectInputEvents = YES;
				INFOPLIST_KEY_UILaunchStoryboardName = LaunchScreen;
				INFOPLIST_KEY_UIMainStoryboardFile = Main;
				INFOPLIST_KEY_UISupportedInterfaceOrientations_iPad = "UIInterfaceOrientationPortrait UIInterfaceOrientationPortraitUpsideDown UIInterfaceOrientationLandscapeLeft UIInterfaceOrientationLandscapeRight";
				INFOPLIST_KEY_UISupportedInterfaceOrientations_iPhone = "UIInterfaceOrientationPortrait UIInterfaceOrientationLandscapeLeft UIInterfaceOrientationLandscapeRight";
				LD_RUNPATH_SEARCH_PATHS = (
					"$(inherited)",
					"@executable_path/Frameworks",
				);
				MARKETING_VERSION = 1.0;
				PRODUCT_BUNDLE_IDENTIFIER = "com.trantnhut.PP-YouAreLoved";
				PRODUCT_NAME = "$(TARGET_NAME)";
				SWIFT_EMIT_LOC_STRINGS = YES;
				SWIFT_VERSION = 5.0;
				TARGETED_DEVICE_FAMILY = "1,2";
			};
			name = Debug;
		};
		4FE539412D7F345A00F30C85 /* Release */ = {
			isa = XCBuildConfiguration;
			buildSettings = {
				ASSETCATALOG_COMPILER_APPICON_NAME = AppIcon;
				ASSETCATALOG_COMPILER_GLOBAL_ACCENT_COLOR_NAME = AccentColor;
				CODE_SIGN_STYLE = Automatic;
				CURRENT_PROJECT_VERSION = 1;
				DEVELOPMENT_TEAM = CBFP9M2454;
				GENERATE_INFOPLIST_FILE = YES;
				INFOPLIST_FILE = "PP-YouAreLoved/Info.plist";
				INFOPLIST_KEY_UIApplicationSupportsIndirectInputEvents = YES;
				INFOPLIST_KEY_UILaunchStoryboardName = LaunchScreen;
				INFOPLIST_KEY_UIMainStoryboardFile = Main;
				INFOPLIST_KEY_UISupportedInterfaceOrientations_iPad = "UIInterfaceOrientationPortrait UIInterfaceOrientationPortraitUpsideDown UIInterfaceOrientationLandscapeLeft UIInterfaceOrientationLandscapeRight";
				INFOPLIST_KEY_UISupportedInterfaceOrientations_iPhone = "UIInterfaceOrientationPortrait UIInterfaceOrientationLandscapeLeft UIInterfaceOrientationLandscapeRight";
				LD_RUNPATH_SEARCH_PATHS = (
					"$(inherited)",
					"@executable_path/Frameworks",
				);
				MARKETING_VERSION = 1.0;
				PRODUCT_BUNDLE_IDENTIFIER = "com.trantnhut.PP-YouAreLoved";
				PRODUCT_NAME = "$(TARGET_NAME)";
				SWIFT_EMIT_LOC_STRINGS = YES;
				SWIFT_VERSION = 5.0;
				TARGETED_DEVICE_FAMILY = "1,2";
			};
			name = Release;
		};
		4FE539422D7F345A00F30C85 /* Debug */ = {
			isa = XCBuildConfiguration;
			buildSettings = {
				ALWAYS_SEARCH_USER_PATHS = NO;
				ASSETCATALOG_COMPILER_GENERATE_SWIFT_ASSET_SYMBOL_EXTENSIONS = YES;
				CLANG_ANALYZER_NONNULL = YES;
				CLANG_ANALYZER_NUMBER_OBJECT_CONVERSION = YES_AGGRESSIVE;
				CLANG_CXX_LANGUAGE_STANDARD = "gnu++20";
				CLANG_ENABLE_MODULES = YES;
				CLANG_ENABLE_OBJC_ARC = YES;
				CLANG_ENABLE_OBJC_WEAK = YES;
				CLANG_WARN_BLOCK_CAPTURE_AUTORELEASING = YES;
				CLANG_WARN_BOOL_CONVERSION = YES;
				CLANG_WARN_COMMA = YES;
				CLANG_WARN_CONSTANT_CONVERSION = YES;
				CLANG_WARN_DEPRECATED_OBJC_IMPLEMENTATIONS = YES;
				CLANG_WARN_DIRECT_OBJC_ISA_USAGE = YES_ERROR;
				CLANG_WARN_DOCUMENTATION_COMMENTS = YES;
				CLANG_WARN_EMPTY_BODY = YES;
				CLANG_WARN_ENUM_CONVERSION = YES;
				CLANG_WARN_INFINITE_RECURSION = YES;
				CLANG_WARN_INT_CONVERSION = YES;
				CLANG_WARN_NON_LITERAL_NULL_CONVERSION = YES;
				CLANG_WARN_OBJC_IMPLICIT_RETAIN_SELF = YES;
				CLANG_WARN_OBJC_LITERAL_CONVERSION = YES;
				CLANG_WARN_OBJC_ROOT_CLASS = YES_ERROR;
				CLANG_WARN_QUOTED_INCLUDE_IN_FRAMEWORK_HEADER = YES;
				CLANG_WARN_RANGE_LOOP_ANALYSIS = YES;
				CLANG_WARN_STRICT_PROTOTYPES = YES;
				CLANG_WARN_SUSPICIOUS_MOVE = YES;
				CLANG_WARN_UNGUARDED_AVAILABILITY = YES_AGGRESSIVE;
				CLANG_WARN_UNREACHABLE_CODE = YES;
				CLANG_WARN__DUPLICATE_METHOD_MATCH = YES;
				COPY_PHASE_STRIP = NO;
				DEBUG_INFORMATION_FORMAT = dwarf;
				ENABLE_STRICT_OBJC_MSGSEND = YES;
				ENABLE_TESTABILITY = YES;
				ENABLE_USER_SCRIPT_SANDBOXING = YES;
				GCC_C_LANGUAGE_STANDARD = gnu17;
				GCC_DYNAMIC_NO_PIC = NO;
				GCC_NO_COMMON_BLOCKS = YES;
				GCC_OPTIMIZATION_LEVEL = 0;
				GCC_PREPROCESSOR_DEFINITIONS = (
					"DEBUG=1",
					"$(inherited)",
				);
				GCC_WARN_64_TO_32_BIT_CONVERSION = YES;
				GCC_WARN_ABOUT_RETURN_TYPE = YES_ERROR;
				GCC_WARN_UNDECLARED_SELECTOR = YES;
				GCC_WARN_UNINITIALIZED_AUTOS = YES_AGGRESSIVE;
				GCC_WARN_UNUSED_FUNCTION = YES;
				GCC_WARN_UNUSED_VARIABLE = YES;
				IPHONEOS_DEPLOYMENT_TARGET = 18.2;
				LOCALIZATION_PREFERS_STRING_CATALOGS = YES;
				MTL_ENABLE_DEBUG_INFO = INCLUDE_SOURCE;
				MTL_FAST_MATH = YES;
				ONLY_ACTIVE_ARCH = YES;
				SDKROOT = iphoneos;
				SWIFT_ACTIVE_COMPILATION_CONDITIONS = "DEBUG $(inherited)";
				SWIFT_OPTIMIZATION_LEVEL = "-Onone";
			};
			name = Debug;
		};
		4FE539432D7F345A00F30C85 /* Release */ = {
			isa = XCBuildConfiguration;
			buildSettings = {
				ALWAYS_SEARCH_USER_PATHS = NO;
				ASSETCATALOG_COMPILER_GENERATE_SWIFT_ASSET_SYMBOL_EXTENSIONS = YES;
				CLANG_ANALYZER_NONNULL = YES;
				CLANG_ANALYZER_NUMBER_OBJECT_CONVERSION = YES_AGGRESSIVE;
				CLANG_CXX_LANGUAGE_STANDARD = "gnu++20";
				CLANG_ENABLE_MODULES = YES;
				CLANG_ENABLE_OBJC_ARC = YES;
				CLANG_ENABLE_OBJC_WEAK = YES;
				CLANG_WARN_BLOCK_CAPTURE_AUTORELEASING = YES;
				CLANG_WARN_BOOL_CONVERSION = YES;
				CLANG_WARN_COMMA = YES;
				CLANG_WARN_CONSTANT_CONVERSION = YES;
				CLANG_WARN_DEPRECATED_OBJC_IMPLEMENTATIONS = YES;
				CLANG_WARN_DIRECT_OBJC_ISA_USAGE = YES_ERROR;
				CLANG_WARN_DOCUMENTATION_COMMENTS = YES;
				CLANG_WARN_EMPTY_BODY = YES;
				CLANG_WARN_ENUM_CONVERSION = YES;
				CLANG_WARN_INFINITE_RECURSION = YES;
				CLANG_WARN_INT_CONVERSION = YES;
				CLANG_WARN_NON_LITERAL_NULL_CONVERSION = YES;
				CLANG_WARN_OBJC_IMPLICIT_RETAIN_SELF = YES;
				CLANG_WARN_OBJC_LITERAL_CONVERSION = YES;
				CLANG_WARN_OBJC_ROOT_CLASS = YES_ERROR;
				CLANG_WARN_QUOTED_INCLUDE_IN_FRAMEWORK_HEADER = YES;
				CLANG_WARN_RANGE_LOOP_ANALYSIS = YES;
				CLANG_WARN_STRICT_PROTOTYPES = YES;
				CLANG_WARN_SUSPICIOUS_MOVE = YES;
				CLANG_WARN_UNGUARDED_AVAILABILITY = YES_AGGRESSIVE;
				CLANG_WARN_UNREACHABLE_CODE = YES;
				CLANG_WARN__DUPLICATE_METHOD_MATCH = YES;
				COPY_PHASE_STRIP = NO;
				DEBUG_INFORMATION_FORMAT = "dwarf-with-dsym";
				ENABLE_NS_ASSERTIONS = NO;
				ENABLE_STRICT_OBJC_MSGSEND = YES;
				ENABLE_USER_SCRIPT_SANDBOXING = YES;
				GCC_C_LANGUAGE_STANDARD = gnu17;
				GCC_NO_COMMON_BLOCKS = YES;
				GCC_WARN_64_TO_32_BIT_CONVERSION = YES;
				GCC_WARN_ABOUT_RETURN_TYPE = YES_ERROR;
				GCC_WARN_UNDECLARED_SELECTOR = YES;
				GCC_WARN_UNINITIALIZED_AUTOS = YES_AGGRESSIVE;
				GCC_WARN_UNUSED_FUNCTION = YES;
				GCC_WARN_UNUSED_VARIABLE = YES;
				IPHONEOS_DEPLOYMENT_TARGET = 18.2;
				LOCALIZATION_PREFERS_STRING_CATALOGS = YES;
				MTL_ENABLE_DEBUG_INFO = NO;
				MTL_FAST_MATH = YES;
				SDKROOT = iphoneos;
				SWIFT_COMPILATION_MODE = wholemodule;
				VALIDATE_PRODUCT = YES;
			};
			name = Release;
		};
		4FE539452D7F345A00F30C85 /* Debug */ = {
			isa = XCBuildConfiguration;
			buildSettings = {
				BUNDLE_LOADER = "$(TEST_HOST)";
				CODE_SIGN_STYLE = Automatic;
				CURRENT_PROJECT_VERSION = 1;
				DEVELOPMENT_TEAM = CBFP9M2454;
				GENERATE_INFOPLIST_FILE = YES;
				IPHONEOS_DEPLOYMENT_TARGET = 18.2;
				MARKETING_VERSION = 1.0;
				PRODUCT_BUNDLE_IDENTIFIER = "com.trantnhut.PP-YouAreLovedTests";
				PRODUCT_NAME = "$(TARGET_NAME)";
				SWIFT_EMIT_LOC_STRINGS = NO;
				SWIFT_VERSION = 5.0;
				TARGETED_DEVICE_FAMILY = "1,2";
				TEST_HOST = "$(BUILT_PRODUCTS_DIR)/PP-YouAreLoved.app/$(BUNDLE_EXECUTABLE_FOLDER_PATH)/PP-YouAreLoved";
			};
			name = Debug;
		};
		4FE539462D7F345A00F30C85 /* Release */ = {
			isa = XCBuildConfiguration;
			buildSettings = {
				BUNDLE_LOADER = "$(TEST_HOST)";
				CODE_SIGN_STYLE = Automatic;
				CURRENT_PROJECT_VERSION = 1;
				DEVELOPMENT_TEAM = CBFP9M2454;
				GENERATE_INFOPLIST_FILE = YES;
				IPHONEOS_DEPLOYMENT_TARGET = 18.2;
				MARKETING_VERSION = 1.0;
				PRODUCT_BUNDLE_IDENTIFIER = "com.trantnhut.PP-YouAreLovedTests";
				PRODUCT_NAME = "$(TARGET_NAME)";
				SWIFT_EMIT_LOC_STRINGS = NO;
				SWIFT_VERSION = 5.0;
				TARGETED_DEVICE_FAMILY = "1,2";
				TEST_HOST = "$(BUILT_PRODUCTS_DIR)/PP-YouAreLoved.app/$(BUNDLE_EXECUTABLE_FOLDER_PATH)/PP-YouAreLoved";
			};
			name = Release;
		};
		4FE539482D7F345A00F30C85 /* Debug */ = {
			isa = XCBuildConfiguration;
			buildSettings = {
				CODE_SIGN_STYLE = Automatic;
				CURRENT_PROJECT_VERSION = 1;
				DEVELOPMENT_TEAM = CBFP9M2454;
				GENERATE_INFOPLIST_FILE = YES;
				MARKETING_VERSION = 1.0;
				PRODUCT_BUNDLE_IDENTIFIER = "com.trantnhut.PP-YouAreLovedUITests";
				PRODUCT_NAME = "$(TARGET_NAME)";
				SWIFT_EMIT_LOC_STRINGS = NO;
				SWIFT_VERSION = 5.0;
				TARGETED_DEVICE_FAMILY = "1,2";
				TEST_TARGET_NAME = "PP-YouAreLoved";
			};
			name = Debug;
		};
		4FE539492D7F345A00F30C85 /* Release */ = {
			isa = XCBuildConfiguration;
			buildSettings = {
				CODE_SIGN_STYLE = Automatic;
				CURRENT_PROJECT_VERSION = 1;
				DEVELOPMENT_TEAM = CBFP9M2454;
				GENERATE_INFOPLIST_FILE = YES;
				MARKETING_VERSION = 1.0;
				PRODUCT_BUNDLE_IDENTIFIER = "com.trantnhut.PP-YouAreLovedUITests";
				PRODUCT_NAME = "$(TARGET_NAME)";
				SWIFT_EMIT_LOC_STRINGS = NO;
				SWIFT_VERSION = 5.0;
				TARGETED_DEVICE_FAMILY = "1,2";
				TEST_TARGET_NAME = "PP-YouAreLoved";
			};
			name = Release;
		};
/* End XCBuildConfiguration section */

/* Begin XCConfigurationList section */
		4FE539112D7F345800F30C85 /* Build configuration list for PBXProject "PP-YouAreLoved" */ = {
			isa = XCConfigurationList;
			buildConfigurations = (
				4FE539422D7F345A00F30C85 /* Debug */,
				4FE539432D7F345A00F30C85 /* Release */,
			);
			defaultConfigurationIsVisible = 0;
			defaultConfigurationName = Release;
		};
		4FE5393F2D7F345A00F30C85 /* Build configuration list for PBXNativeTarget "PP-YouAreLoved" */ = {
			isa = XCConfigurationList;
			buildConfigurations = (
				4FE539402D7F345A00F30C85 /* Debug */,
				4FE539412D7F345A00F30C85 /* Release */,
			);
			defaultConfigurationIsVisible = 0;
			defaultConfigurationName = Release;
		};
		4FE539442D7F345A00F30C85 /* Build configuration list for PBXNativeTarget "PP-YouAreLovedTests" */ = {
			isa = XCConfigurationList;
			buildConfigurations = (
				4FE539452D7F345A00F30C85 /* Debug */,
				4FE539462D7F345A00F30C85 /* Release */,
			);
			defaultConfigurationIsVisible = 0;
			defaultConfigurationName = Release;
		};
		4FE539472D7F345A00F30C85 /* Build configuration list for PBXNativeTarget "PP-YouAreLovedUITests" */ = {
			isa = XCConfigurationList;
			buildConfigurations = (
				4FE539482D7F345A00F30C85 /* Debug */,
				4FE539492D7F345A00F30C85 /* Release */,
			);
			defaultConfigurationIsVisible = 0;
			defaultConfigurationName = Release;
		};
/* End XCConfigurationList section */
	};
	rootObject = 4FE5390E2D7F345800F30C85 /* Project object */;
}
